{
  "name": "menu",
  "version": "1.0.0",
  "lockfileVersion": 2,
  "requires": true,
  "packages": {
    "": {
      "name": "menu",
      "version": "1.0.0",
      "license": "ISC",
      "dependencies": {
        "css-reset-and-normalize": "^2.3.6",
        "font-awesome-stylus": "^4.7.1"
      }
    },
    "node_modules/css-reset-and-normalize": {
      "version": "2.3.6",
      "resolved": "https://registry.npmjs.org/css-reset-and-normalize/-/css-reset-and-normalize-2.3.6.tgz",
      "integrity": "sha512-aJFxaPG2CQLn5YmpO+4bvgJfsJkHS7c2MYVnhKtpQ1VTq799ttT6Ec7M3Nz0GXo8DkNlanTyrI82tbyh0fvdMQ=="
    },
    "node_modules/font-awesome-stylus": {
      "version": "4.7.1",
      "resolved": "https://registry.npmjs.org/font-awesome-stylus/-/font-awesome-stylus-4.7.1.tgz",
      "integrity": "sha512-w/W4etPrp4iNAzAWO+zlg3dU+vBnMt3EotTgpdjb8mYO0IH+WvmsMRS+15vFsV6AfkT0ugtXtHh/pC9In+UKfA=="
    }
  },
  "dependencies": {
    "css-reset-and-normalize": {
      "version": "2.3.6",
      "resolved": "https://registry.npmjs.org/css-reset-and-normalize/-/css-reset-and-normalize-2.3.6.tgz",
      "integrity": "sha512-aJFxaPG2CQLn5YmpO+4bvgJfsJkHS7c2MYVnhKtpQ1VTq799ttT6Ec7M3Nz0GXo8DkNlanTyrI82tbyh0fvdMQ=="
    },
    "font-awesome-stylus": {
      "version": "4.7.1",
      "resolved": "https://registry.npmjs.org/font-awesome-stylus/-/font-awesome-stylus-4.7.1.tgz",
      "integrity": "sha512-w/W4etPrp4iNAzAWO+zlg3dU+vBnMt3EotTgpdjb8mYO0IH+WvmsMRS+15vFsV6AfkT0ugtXtHh/pC9In+UKfA=="
    }
  }
}
